
Microsoft Visual Studio Solution File, Format Version 11.00
# Visual Studio 2010
Project("{FAE04EC0-301F-11D3-BF4B-00C04F79EFBC}") = "Android", "Android\Android.csproj", "{4E89F9DF-44AD-467D-B00E-2D0CEEAB6247}"
EndProject
Project("{FAE04EC0-301F-11D3-BF4B-00C04F79EFBC}") = "Core", "Core\Core.csproj", "{8AB0C6C3-A5B7-4D5B-B615-232F8E32D8BE}"
EndProject
Project("{FAE04EC0-301F-11D3-BF4B-00C04F79EFBC}") = "IOS", "IOS\IOS.csproj", "{8E4FFC3D-0654-458E-A546-A8444F1AA362}"
EndProject
Global
	GlobalSection(SolutionConfigurationPlatforms) = preSolution
		Debug|Any CPU = Debug|Any CPU
		Release|Any CPU = Release|Any CPU
		Debug|iPhoneSimulator = Debug|iPhoneSimulator
		Release|iPhoneSimulator = Release|iPhoneSimulator
		Debug|iPhone = Debug|iPhone
		Release|iPhone = Release|iPhone
		Ad-Hoc|iPhone = Ad-Hoc|iPhone
		AppStore|iPhone = AppStore|iPhone
		Debug-Android|Any CPU = Debug-Android|Any CPU
	EndGlobalSection
	GlobalSection(ProjectConfigurationPlatforms) = postSolution
		{4E89F9DF-44AD-467D-B00E-2D0CEEAB6247}.Ad-Hoc|iPhone.ActiveCfg = Debug|Any CPU
		{4E89F9DF-44AD-467D-B00E-2D0CEEAB6247}.Ad-Hoc|iPhone.Build.0 = Debug|Any CPU
		{4E89F9DF-44AD-467D-B00E-2D0CEEAB6247}.AppStore|iPhone.ActiveCfg = Debug|Any CPU
		{4E89F9DF-44AD-467D-B00E-2D0CEEAB6247}.AppStore|iPhone.Build.0 = Debug|Any CPU
		{4E89F9DF-44AD-467D-B00E-2D0CEEAB6247}.Debug|Any CPU.ActiveCfg = Debug|Any CPU
		{4E89F9DF-44AD-467D-B00E-2D0CEEAB6247}.Debug|Any CPU.Build.0 = Debug|Any CPU
		{4E89F9DF-44AD-467D-B00E-2D0CEEAB6247}.Debug|iPhone.ActiveCfg = Debug|Any CPU
		{4E89F9DF-44AD-467D-B00E-2D0CEEAB6247}.Debug|iPhone.Build.0 = Debug|Any CPU
		{4E89F9DF-44AD-467D-B00E-2D0CEEAB6247}.Debug|iPhoneSimulator.ActiveCfg = Debug|Any CPU
		{4E89F9DF-44AD-467D-B00E-2D0CEEAB6247}.Debug|iPhoneSimulator.Build.0 = Debug|Any CPU
		{4E89F9DF-44AD-467D-B00E-2D0CEEAB6247}.Debug-Android|Any CPU.ActiveCfg = Debug-Android|Any CPU
		{4E89F9DF-44AD-467D-B00E-2D0CEEAB6247}.Debug-Android|Any CPU.Build.0 = Debug-Android|Any CPU
		{4E89F9DF-44AD-467D-B00E-2D0CEEAB6247}.Release|Any CPU.ActiveCfg = Release|Any CPU
		{4E89F9DF-44AD-467D-B00E-2D0CEEAB6247}.Release|Any CPU.Build.0 = Release|Any CPU
		{4E89F9DF-44AD-467D-B00E-2D0CEEAB6247}.Release|iPhone.ActiveCfg = Release|Any CPU
		{4E89F9DF-44AD-467D-B00E-2D0CEEAB6247}.Release|iPhone.Build.0 = Release|Any CPU
		{4E89F9DF-44AD-467D-B00E-2D0CEEAB6247}.Release|iPhoneSimulator.ActiveCfg = Release|Any CPU
		{4E89F9DF-44AD-467D-B00E-2D0CEEAB6247}.Release|iPhoneSimulator.Build.0 = Release|Any CPU
		{8AB0C6C3-A5B7-4D5B-B615-232F8E32D8BE}.Ad-Hoc|iPhone.ActiveCfg = Debug|Any CPU
		{8AB0C6C3-A5B7-4D5B-B615-232F8E32D8BE}.Ad-Hoc|iPhone.Build.0 = Debug|Any CPU
		{8AB0C6C3-A5B7-4D5B-B615-232F8E32D8BE}.AppStore|iPhone.ActiveCfg = Debug|Any CPU
		{8AB0C6C3-A5B7-4D5B-B615-232F8E32D8BE}.AppStore|iPhone.Build.0 = Debug|Any CPU
		{8AB0C6C3-A5B7-4D5B-B615-232F8E32D8BE}.Debug|Any CPU.ActiveCfg = Debug|Any CPU
		{8AB0C6C3-A5B7-4D5B-B615-232F8E32D8BE}.Debug|Any CPU.Build.0 = Debug|Any CPU
		{8AB0C6C3-A5B7-4D5B-B615-232F8E32D8BE}.Debug|iPhone.ActiveCfg = Debug|Any CPU
		{8AB0C6C3-A5B7-4D5B-B615-232F8E32D8BE}.Debug|iPhone.Build.0 = Debug|Any CPU
		{8AB0C6C3-A5B7-4D5B-B615-232F8E32D8BE}.Debug|iPhoneSimulator.ActiveCfg = Debug|Any CPU
		{8AB0C6C3-A5B7-4D5B-B615-232F8E32D8BE}.Debug|iPhoneSimulator.Build.0 = Debug|Any CPU
		{8AB0C6C3-A5B7-4D5B-B615-232F8E32D8BE}.Debug-Android|Any CPU.ActiveCfg = Debug-Android|Any CPU
		{8AB0C6C3-A5B7-4D5B-B615-232F8E32D8BE}.Debug-Android|Any CPU.Build.0 = Debug-Android|Any CPU
		{8AB0C6C3-A5B7-4D5B-B615-232F8E32D8BE}.Release|Any CPU.ActiveCfg = Release|Any CPU
		{8AB0C6C3-A5B7-4D5B-B615-232F8E32D8BE}.Release|Any CPU.Build.0 = Release|Any CPU
		{8AB0C6C3-A5B7-4D5B-B615-232F8E32D8BE}.Release|iPhone.ActiveCfg = Release|Any CPU
		{8AB0C6C3-A5B7-4D5B-B615-232F8E32D8BE}.Release|iPhone.Build.0 = Release|Any CPU
		{8AB0C6C3-A5B7-4D5B-B615-232F8E32D8BE}.Release|iPhoneSimulator.ActiveCfg = Release|Any CPU
		{8AB0C6C3-A5B7-4D5B-B615-232F8E32D8BE}.Release|iPhoneSimulator.Build.0 = Release|Any CPU
		{8E4FFC3D-0654-458E-A546-A8444F1AA362}.Ad-Hoc|iPhone.ActiveCfg = Ad-Hoc|iPhone
		{8E4FFC3D-0654-458E-A546-A8444F1AA362}.Ad-Hoc|iPhone.Build.0 = Ad-Hoc|iPhone
		{8E4FFC3D-0654-458E-A546-A8444F1AA362}.AppStore|iPhone.ActiveCfg = AppStore|iPhone
		{8E4FFC3D-0654-458E-A546-A8444F1AA362}.AppStore|iPhone.Build.0 = AppStore|iPhone
		{8E4FFC3D-0654-458E-A546-A8444F1AA362}.Debug|Any CPU.ActiveCfg = Debug|iPhoneSimulator
		{8E4FFC3D-0654-458E-A546-A8444F1AA362}.Debug|Any CPU.Build.0 = Debug|iPhoneSimulator
		{8E4FFC3D-0654-458E-A546-A8444F1AA362}.Debug|iPhone.ActiveCfg = Debug|iPhone
		{8E4FFC3D-0654-458E-A546-A8444F1AA362}.Debug|iPhone.Build.0 = Debug|iPhone
		{8E4FFC3D-0654-458E-A546-A8444F1AA362}.Debug|iPhoneSimulator.ActiveCfg = Debug|iPhoneSimulator
		{8E4FFC3D-0654-458E-A546-A8444F1AA362}.Debug|iPhoneSimulator.Build.0 = Debug|iPhoneSimulator
		{8E4FFC3D-0654-458E-A546-A8444F1AA362}.Debug-Android|Any CPU.ActiveCfg = Debug-Android|Any CPU
		{8E4FFC3D-0654-458E-A546-A8444F1AA362}.Debug-Android|Any CPU.Build.0 = Debug-Android|Any CPU
		{8E4FFC3D-0654-458E-A546-A8444F1AA362}.Release|Any CPU.ActiveCfg = Release|iPhoneSimulator
		{8E4FFC3D-0654-458E-A546-A8444F1AA362}.Release|Any CPU.Build.0 = Release|iPhoneSimulator
		{8E4FFC3D-0654-458E-A546-A8444F1AA362}.Release|iPhone.ActiveCfg = Release|iPhone
		{8E4FFC3D-0654-458E-A546-A8444F1AA362}.Release|iPhone.Build.0 = Release|iPhone
		{8E4FFC3D-0654-458E-A546-A8444F1AA362}.Release|iPhoneSimulator.ActiveCfg = Release|iPhoneSimulator
		{8E4FFC3D-0654-458E-A546-A8444F1AA362}.Release|iPhoneSimulator.Build.0 = Release|iPhoneSimulator
	EndGlobalSection
	GlobalSection(MonoDevelopProperties) = preSolution
		StartupItem = Android\Android.csproj
	EndGlobalSection
EndGlobal
